
Microsoft Visual Studio Solution File, Format Version 12.00
# Visual Studio Version 17
VisualStudioVersion = 17.6.33801.468
MinimumVisualStudioVersion = 10.0.40219.1
Project("{FAE04EC0-301F-11D3-BF4B-00C04F79EFBC}") = "ExperisEvaluacionAPI", "ExperisEvaluacionAPI.csproj", "{7C1BA9BE-12E7-4B65-BA64-129F064C2322}"
EndProject
Global
	GlobalSection(SolutionConfigurationPlatforms) = preSolution
		Debug|Any CPU = Debug|Any CPU
		Release|Any CPU = Release|Any CPU
	EndGlobalSection
	GlobalSection(ProjectConfigurationPlatforms) = postSolution
		{7C1BA9BE-12E7-4B65-BA64-129F064C2322}.Debug|Any CPU.ActiveCfg = Debug|Any CPU
		{7C1BA9BE-12E7-4B65-BA64-129F064C2322}.Debug|Any CPU.Build.0 = Debug|Any CPU
		{7C1BA9BE-12E7-4B65-BA64-129F064C2322}.Release|Any CPU.ActiveCfg = Release|Any CPU
		{7C1BA9BE-12E7-4B65-BA64-129F064C2322}.Release|Any CPU.Build.0 = Release|Any CPU
	EndGlobalSection
	GlobalSection(SolutionProperties) = preSolution
		HideSolutionNode = FALSE
	EndGlobalSection
	GlobalSection(ExtensibilityGlobals) = postSolution
		SolutionGuid = {50B719A2-EEB5-4FD8-87F2-FCF3F51F0C31}
	EndGlobalSection
EndGlobal
